
Microsoft Visual Studio Solution File, Format Version 12.00
# Visual Studio Version 17
VisualStudioVersion = 17.1.32210.238
MinimumVisualStudioVersion = 10.0.40219.1
Project("{FAE04EC0-301F-11D3-BF4B-00C04F79EFBC}") = "Customer1", "Customer1\Customer1.csproj", "{9BFC1FB4-7F16-4C8D-8634-434304A45481}"
EndProject
Global
	GlobalSection(SolutionConfigurationPlatforms) = preSolution
		Debug|Any CPU = Debug|Any CPU
		Release|Any CPU = Release|Any CPU
	EndGlobalSection
	GlobalSection(ProjectConfigurationPlatforms) = postSolution
		{9BFC1FB4-7F16-4C8D-8634-434304A45481}.Debug|Any CPU.ActiveCfg = Debug|Any CPU
		{9BFC1FB4-7F16-4C8D-8634-434304A45481}.Debug|Any CPU.Build.0 = Debug|Any CPU
		{9BFC1FB4-7F16-4C8D-8634-434304A45481}.Release|Any CPU.ActiveCfg = Release|Any CPU
		{9BFC1FB4-7F16-4C8D-8634-434304A45481}.Release|Any CPU.Build.0 = Release|Any CPU
	EndGlobalSection
	GlobalSection(SolutionProperties) = preSolution
		HideSolutionNode = FALSE
	EndGlobalSection
	GlobalSection(ExtensibilityGlobals) = postSolution
		SolutionGuid = {1F8C4BEF-D80D-4D26-AF4F-E552A99A963E}
	EndGlobalSection
EndGlobal
